
Microsoft Visual Studio Solution File, Format Version 12.00
# Visual Studio 15
VisualStudioVersion = 15.0.27004.2005
MinimumVisualStudioVersion = 10.0.40219.1
Project("{FAE04EC0-301F-11D3-BF4B-00C04F79EFBC}") = "WcfServicew", "WcfServicew\WcfServicew.csproj", "{28D4DAB3-5E22-4954-908A-D88844BA5F57}"
EndProject
Global
	GlobalSection(SolutionConfigurationPlatforms) = preSolution
		Debug|Any CPU = Debug|Any CPU
		Release|Any CPU = Release|Any CPU
	EndGlobalSection
	GlobalSection(ProjectConfigurationPlatforms) = postSolution
		{28D4DAB3-5E22-4954-908A-D88844BA5F57}.Debug|Any CPU.ActiveCfg = Debug|Any CPU
		{28D4DAB3-5E22-4954-908A-D88844BA5F57}.Debug|Any CPU.Build.0 = Debug|Any CPU
		{28D4DAB3-5E22-4954-908A-D88844BA5F57}.Release|Any CPU.ActiveCfg = Release|Any CPU
		{28D4DAB3-5E22-4954-908A-D88844BA5F57}.Release|Any CPU.Build.0 = Release|Any CPU
	EndGlobalSection
	GlobalSection(SolutionProperties) = preSolution
		HideSolutionNode = FALSE
	EndGlobalSection
	GlobalSection(ExtensibilityGlobals) = postSolution
		SolutionGuid = {4A6B384B-0745-4FE5-A8C6-36D8FB21C6FB}
	EndGlobalSection
EndGlobal
